
Microsoft Visual Studio Solution File, Format Version 12.00
# Visual Studio Version 16
VisualStudioVersion = 16.0.31005.135
MinimumVisualStudioVersion = 10.0.40219.1
Project("{FAE04EC0-301F-11D3-BF4B-00C04F79EFBC}") = "cv3", "cv3.csproj", "{697CAD21-70C7-4C66-BF57-DF5941225CD8}"
EndProject
Global
	GlobalSection(SolutionConfigurationPlatforms) = preSolution
		Debug|Any CPU = Debug|Any CPU
		Release|Any CPU = Release|Any CPU
	EndGlobalSection
	GlobalSection(ProjectConfigurationPlatforms) = postSolution
		{697CAD21-70C7-4C66-BF57-DF5941225CD8}.Debug|Any CPU.ActiveCfg = Debug|Any CPU
		{697CAD21-70C7-4C66-BF57-DF5941225CD8}.Debug|Any CPU.Build.0 = Debug|Any CPU
		{697CAD21-70C7-4C66-BF57-DF5941225CD8}.Release|Any CPU.ActiveCfg = Release|Any CPU
		{697CAD21-70C7-4C66-BF57-DF5941225CD8}.Release|Any CPU.Build.0 = Release|Any CPU
	EndGlobalSection
	GlobalSection(SolutionProperties) = preSolution
		HideSolutionNode = FALSE
	EndGlobalSection
	GlobalSection(ExtensibilityGlobals) = postSolution
		SolutionGuid = {A5D301D0-5DF0-4479-BDD7-D7C827DDC761}
	EndGlobalSection
EndGlobal
